
Microsoft Visual Studio Solution File, Format Version 12.00
# Visual Studio Version 16
VisualStudioVersion = 16.0.31321.278
MinimumVisualStudioVersion = 10.0.40219.1
Project("{9A19103F-16F7-4668-BE54-9A1E7A4F7556}") = "PhoneBook", "PhoneBook\PhoneBook.csproj", "{A120ED31-B2CC-4EC0-BD5D-131FA11AFC56}"
EndProject
Global
	GlobalSection(SolutionConfigurationPlatforms) = preSolution
		Debug|Any CPU = Debug|Any CPU
		Release|Any CPU = Release|Any CPU
	EndGlobalSection
	GlobalSection(ProjectConfigurationPlatforms) = postSolution
		{A120ED31-B2CC-4EC0-BD5D-131FA11AFC56}.Debug|Any CPU.ActiveCfg = Debug|Any CPU
		{A120ED31-B2CC-4EC0-BD5D-131FA11AFC56}.Debug|Any CPU.Build.0 = Debug|Any CPU
		{A120ED31-B2CC-4EC0-BD5D-131FA11AFC56}.Release|Any CPU.ActiveCfg = Release|Any CPU
		{A120ED31-B2CC-4EC0-BD5D-131FA11AFC56}.Release|Any CPU.Build.0 = Release|Any CPU
	EndGlobalSection
	GlobalSection(SolutionProperties) = preSolution
		HideSolutionNode = FALSE
	EndGlobalSection
	GlobalSection(ExtensibilityGlobals) = postSolution
		SolutionGuid = {2D4B7BC6-4315-4C34-B200-80139D5773E9}
	EndGlobalSection
EndGlobal
