
Microsoft Visual Studio Solution File, Format Version 12.00
# Visual Studio Version 16
VisualStudioVersion = 16.0.31321.278
MinimumVisualStudioVersion = 10.0.40219.1
Project("{9A19103F-16F7-4668-BE54-9A1E7A4F7556}") = "PhoneBook", "PhoneBook.csproj", "{F954B60F-E091-4C1F-A5BC-989BEF45BB98}"
EndProject
Global
	GlobalSection(SolutionConfigurationPlatforms) = preSolution
		Debug|Any CPU = Debug|Any CPU
		Release|Any CPU = Release|Any CPU
	EndGlobalSection
	GlobalSection(ProjectConfigurationPlatforms) = postSolution
		{F954B60F-E091-4C1F-A5BC-989BEF45BB98}.Debug|Any CPU.ActiveCfg = Debug|Any CPU
		{F954B60F-E091-4C1F-A5BC-989BEF45BB98}.Debug|Any CPU.Build.0 = Debug|Any CPU
		{F954B60F-E091-4C1F-A5BC-989BEF45BB98}.Release|Any CPU.ActiveCfg = Release|Any CPU
		{F954B60F-E091-4C1F-A5BC-989BEF45BB98}.Release|Any CPU.Build.0 = Release|Any CPU
	EndGlobalSection
	GlobalSection(SolutionProperties) = preSolution
		HideSolutionNode = FALSE
	EndGlobalSection
	GlobalSection(ExtensibilityGlobals) = postSolution
		SolutionGuid = {D27C0BF3-A641-4A58-A969-51EE4AF25B9E}
	EndGlobalSection
EndGlobal
